lockfileVersion: '6.0'

settings:
  autoInstallPeers: true
  excludeLinksFromLockfile: false

importers:

  .: {}

  packages/ox-lint:
    devDependencies:
      oxlint:
        specifier: ^0.5.2
        version: 0.5.2

packages:

  /@oxlint/darwin-arm64@0.5.2:
    resolution: {integrity: sha512-NVUH1ZQYP1opS7LPd8xzmha9HrEDu+TpGSxM+dq9SS34FrsaYUEE4gue2OKo8Pgplu/oTKT7mUdTR4YDDBu5xA==}
    cpu: [arm64]
    os: [darwin]
    requiresBuild: true
    dev: true
    optional: true

  /@oxlint/darwin-x64@0.5.2:
    resolution: {integrity: sha512-jtaKcGhFC4frGzKVN2ieGQ0h960C1E1jQrTjMjNAvGfjRUpO9nDpNMD9BpsAbC0/GULEirtIg+5pW7G8gDQPTQ==}
    cpu: [x64]
    os: [darwin]
    requiresBuild: true
    dev: true
    optional: true

  /@oxlint/linux-arm64-gnu@0.5.2:
    resolution: {integrity: sha512-B1HPicpi37lXBdSJOenSjI2sf4C/75iP+AcRHI8GPlrimm/RFvcMdV5F5k5KIVf+v7fKFiWXA/LY3SkjLkbmxw==}
    cpu: [arm64]
    os: [linux]
    requiresBuild: true
    dev: true
    optional: true

  /@oxlint/linux-arm64-musl@0.5.2:
    resolution: {integrity: sha512-8JAWyrIJd5iSnikuCrHrvLpsJoFSeqhWGz3OIb2Xp0eLOT48G5oek/yASCd0IHTOL/fGUexarTqNG8tcX/qesg==}
    cpu: [arm64]
    os: [linux]
    requiresBuild: true
    dev: true
    optional: true

  /@oxlint/linux-x64-gnu@0.5.2:
    resolution: {integrity: sha512-qBcEN1evZxF9SQi7DegeIcnHhv88v73y2nkm9dqZ3wIflusvV5nxFkLAfh3df5K38mKo1/FxSnOvxN7E6aFjdg==}
    cpu: [x64]
    os: [linux]
    requiresBuild: true
    dev: true
    optional: true

  /@oxlint/linux-x64-musl@0.5.2:
    resolution: {integrity: sha512-6DOkaRkKx6ix9hliWG51cZvXSjwlDWhOPDibJJOg0nIpxpUbtAnEEVBwK3CoGrgRsuWH7wgu/kf1gkSyyePSVQ==}
    cpu: [x64]
    os: [linux]
    requiresBuild: true
    dev: true
    optional: true

  /@oxlint/win32-arm64@0.5.2:
    resolution: {integrity: sha512-XBl1QQ+db0fVb/KnGLmjM6r2S3xkI770Z/u5jIvQxxj8M6FFdHdJozf55FnCRGap3H3kMpB56SVEAexB7Z29wA==}
    cpu: [arm64]
    os: [win32]
    requiresBuild: true
    dev: true
    optional: true

  /@oxlint/win32-x64@0.5.2:
    resolution: {integrity: sha512-qP7JL8d7y7W91BpgyA8J3BmIGBl7E2rfZH4e7PX9hJ2o+W3pHBRpPxoFFqLx+zBMMkSHdv2h2FLVfvObbI58kQ==}
    cpu: [x64]
    os: [win32]
    requiresBuild: true
    dev: true
    optional: true

  /oxlint@0.5.2:
    resolution: {integrity: sha512-nEoadC0Pk3tgv41fIRwA1HiJJ45QIMj3NHkEGW89PSr5aqr7EzT0wcdhRTY1m+BFSVIoukJ26OqQABaAEG3jOQ==}
    engines: {node: '>=14.*'}
    hasBin: true
    optionalDependencies:
      '@oxlint/darwin-arm64': 0.5.2
      '@oxlint/darwin-x64': 0.5.2
      '@oxlint/linux-arm64-gnu': 0.5.2
      '@oxlint/linux-arm64-musl': 0.5.2
      '@oxlint/linux-x64-gnu': 0.5.2
      '@oxlint/linux-x64-musl': 0.5.2
      '@oxlint/win32-arm64': 0.5.2
      '@oxlint/win32-x64': 0.5.2
    dev: true
